
Microsoft Visual Studio Solution File, Format Version 12.00
# Visual Studio Version 17
VisualStudioVersion = 17.10.35027.167
MinimumVisualStudioVersion = 10.0.40219.1
Project("{9A19103F-16F7-4668-BE54-9A1E7A4F7556}") = "Educational_Platform", "Educational_Platform\Educational_Platform.csproj", "{CFD3A5BD-4101-4603-8B28-591D3842914E}"
EndProject
Global
	GlobalSection(SolutionConfigurationPlatforms) = preSolution
		Debug|Any CPU = Debug|Any CPU
		Release|Any CPU = Release|Any CPU
	EndGlobalSection
	GlobalSection(ProjectConfigurationPlatforms) = postSolution
		{CFD3A5BD-4101-4603-8B28-591D3842914E}.Debug|Any CPU.ActiveCfg = Debug|Any CPU
		{CFD3A5BD-4101-4603-8B28-591D3842914E}.Debug|Any CPU.Build.0 = Debug|Any CPU
		{CFD3A5BD-4101-4603-8B28-591D3842914E}.Release|Any CPU.ActiveCfg = Release|Any CPU
		{CFD3A5BD-4101-4603-8B28-591D3842914E}.Release|Any CPU.Build.0 = Release|Any CPU
	EndGlobalSection
	GlobalSection(SolutionProperties) = preSolution
		HideSolutionNode = FALSE
	EndGlobalSection
	GlobalSection(ExtensibilityGlobals) = postSolution
		SolutionGuid = {2B6BBB83-1E30-4DA1-B21B-46C7C5EDC000}
	EndGlobalSection
EndGlobal
